
Microsoft Visual Studio Solution File, Format Version 12.00
# Visual Studio Version 17
VisualStudioVersion = 17.0.32126.317
MinimumVisualStudioVersion = 10.0.40219.1
Project("{FAE04EC0-301F-11D3-BF4B-00C04F79EFBC}") = "Calculator_Complete", "Calculator_Complete\Calculator_Complete.csproj", "{634D59E6-7337-4DFF-9D2C-671ACB7A2794}"
EndProject
Global
	GlobalSection(SolutionConfigurationPlatforms) = preSolution
		Debug|Any CPU = Debug|Any CPU
		Release|Any CPU = Release|Any CPU
	EndGlobalSection
	GlobalSection(ProjectConfigurationPlatforms) = postSolution
		{634D59E6-7337-4DFF-9D2C-671ACB7A2794}.Debug|Any CPU.ActiveCfg = Debug|Any CPU
		{634D59E6-7337-4DFF-9D2C-671ACB7A2794}.Debug|Any CPU.Build.0 = Debug|Any CPU
		{634D59E6-7337-4DFF-9D2C-671ACB7A2794}.Release|Any CPU.ActiveCfg = Release|Any CPU
		{634D59E6-7337-4DFF-9D2C-671ACB7A2794}.Release|Any CPU.Build.0 = Release|Any CPU
	EndGlobalSection
	GlobalSection(SolutionProperties) = preSolution
		HideSolutionNode = FALSE
	EndGlobalSection
	GlobalSection(ExtensibilityGlobals) = postSolution
		SolutionGuid = {C12F3D88-BD61-401B-A81E-708A58A2C400}
	EndGlobalSection
EndGlobal
